
Microsoft Visual Studio Solution File, Format Version 12.00
# Visual Studio Version 17
VisualStudioVersion = 17.14.36401.2 d17.14
MinimumVisualStudioVersion = 10.0.40219.1
Project("{FAE04EC0-301F-11D3-BF4B-00C04F79EFBC}") = "PGNConverterService", "PGNConverterService.csproj", "{30050E5F-7107-4735-92FD-E56179AA8293}"
EndProject
Global
	GlobalSection(SolutionConfigurationPlatforms) = preSolution
		Debug|Any CPU = Debug|Any CPU
		Release|Any CPU = Release|Any CPU
	EndGlobalSection
	GlobalSection(ProjectConfigurationPlatforms) = postSolution
		{30050E5F-7107-4735-92FD-E56179AA8293}.Debug|Any CPU.ActiveCfg = Debug|Any CPU
		{30050E5F-7107-4735-92FD-E56179AA8293}.Debug|Any CPU.Build.0 = Debug|Any CPU
		{30050E5F-7107-4735-92FD-E56179AA8293}.Release|Any CPU.ActiveCfg = Release|Any CPU
		{30050E5F-7107-4735-92FD-E56179AA8293}.Release|Any CPU.Build.0 = Release|Any CPU
	EndGlobalSection
	GlobalSection(SolutionProperties) = preSolution
		HideSolutionNode = FALSE
	EndGlobalSection
	GlobalSection(ExtensibilityGlobals) = postSolution
		SolutionGuid = {AB141D7E-78E1-4A0D-B9A4-43B8DDC48AA5}
	EndGlobalSection
EndGlobal
